
Microsoft Visual Studio Solution File, Format Version 11.00
# Visual Studio 2010
Project("{FAE04EC0-301F-11D3-BF4B-00C04F79EFBC}") = "Simple.Data.PostgreSql", "Simple.Data.PostgreSql\Simple.Data.PostgreSql.csproj", "{7F0FEE43-49F6-4010-B90A-DF60E49F79E5}"
EndProject
Project("{FAE04EC0-301F-11D3-BF4B-00C04F79EFBC}") = "Simple.Data.PostgreSql.Test", "Simple.Data.PostgreSql.Test\Simple.Data.PostgreSql.Test.csproj", "{5B31FBF7-73F5-4B6F-886A-31818E73906E}"
EndProject
Project("{2150E333-8FDC-42A3-9474-1A3956D46DE8}") = "Readme", "Readme", "{3E328BC9-062F-409E-9440-CE148D2EA726}"
	ProjectSection(SolutionItems) = preProject
		readme.md = readme.md
	EndProjectSection
EndProject
Project("{FAE04EC0-301F-11D3-BF4B-00C04F79EFBC}") = "Simple.Data", "..\Simple.Data\Simple.Data\Simple.Data.csproj", "{148CEE80-2E84-4ABD-B5AB-20415B2BBD21}"
EndProject
Project("{FAE04EC0-301F-11D3-BF4B-00C04F79EFBC}") = "Simple.Data.Ado", "..\Simple.Data\Simple.Data.Ado\Simple.Data.Ado.csproj", "{ECC2D7DB-EC7F-44B6-B09F-5B471C629685}"
EndProject
Global
	GlobalSection(SolutionConfigurationPlatforms) = preSolution
		Debug|Any CPU = Debug|Any CPU
		Release|Any CPU = Release|Any CPU
	EndGlobalSection
	GlobalSection(ProjectConfigurationPlatforms) = postSolution
		{7F0FEE43-49F6-4010-B90A-DF60E49F79E5}.Debug|Any CPU.ActiveCfg = Debug|Any CPU
		{7F0FEE43-49F6-4010-B90A-DF60E49F79E5}.Debug|Any CPU.Build.0 = Debug|Any CPU
		{7F0FEE43-49F6-4010-B90A-DF60E49F79E5}.Release|Any CPU.ActiveCfg = Release|Any CPU
		{7F0FEE43-49F6-4010-B90A-DF60E49F79E5}.Release|Any CPU.Build.0 = Release|Any CPU
		{5B31FBF7-73F5-4B6F-886A-31818E73906E}.Debug|Any CPU.ActiveCfg = Debug|Any CPU
		{5B31FBF7-73F5-4B6F-886A-31818E73906E}.Debug|Any CPU.Build.0 = Debug|Any CPU
		{5B31FBF7-73F5-4B6F-886A-31818E73906E}.Release|Any CPU.ActiveCfg = Release|Any CPU
		{5B31FBF7-73F5-4B6F-886A-31818E73906E}.Release|Any CPU.Build.0 = Release|Any CPU
		{148CEE80-2E84-4ABD-B5AB-20415B2BBD21}.Debug|Any CPU.ActiveCfg = Debug|Any CPU
		{148CEE80-2E84-4ABD-B5AB-20415B2BBD21}.Debug|Any CPU.Build.0 = Debug|Any CPU
		{148CEE80-2E84-4ABD-B5AB-20415B2BBD21}.Release|Any CPU.ActiveCfg = Release|Any CPU
		{148CEE80-2E84-4ABD-B5AB-20415B2BBD21}.Release|Any CPU.Build.0 = Release|Any CPU
		{ECC2D7DB-EC7F-44B6-B09F-5B471C629685}.Debug|Any CPU.ActiveCfg = Debug|Any CPU
		{ECC2D7DB-EC7F-44B6-B09F-5B471C629685}.Debug|Any CPU.Build.0 = Debug|Any CPU
		{ECC2D7DB-EC7F-44B6-B09F-5B471C629685}.Release|Any CPU.ActiveCfg = Release|Any CPU
		{ECC2D7DB-EC7F-44B6-B09F-5B471C629685}.Release|Any CPU.Build.0 = Release|Any CPU
	EndGlobalSection
	GlobalSection(SolutionProperties) = preSolution
		HideSolutionNode = FALSE
	EndGlobalSection
EndGlobal
